
Microsoft Visual Studio Solution File, Format Version 12.00
# Visual Studio Version 17
VisualStudioVersion = 17.6.33723.286
MinimumVisualStudioVersion = 10.0.40219.1
Project("{FAE04EC0-301F-11D3-BF4B-00C04F79EFBC}") = "AgendaTurismo", "AgendaTurismo\AgendaTurismo.csproj", "{FB1E42F5-0A8D-4318-9853-B439F443AAFB}"
EndProject
Global
	GlobalSection(SolutionConfigurationPlatforms) = preSolution
		Debug|Any CPU = Debug|Any CPU
		Release|Any CPU = Release|Any CPU
	EndGlobalSection
	GlobalSection(ProjectConfigurationPlatforms) = postSolution
		{FB1E42F5-0A8D-4318-9853-B439F443AAFB}.Debug|Any CPU.ActiveCfg = Debug|Any CPU
		{FB1E42F5-0A8D-4318-9853-B439F443AAFB}.Debug|Any CPU.Build.0 = Debug|Any CPU
		{FB1E42F5-0A8D-4318-9853-B439F443AAFB}.Release|Any CPU.ActiveCfg = Release|Any CPU
		{FB1E42F5-0A8D-4318-9853-B439F443AAFB}.Release|Any CPU.Build.0 = Release|Any CPU
	EndGlobalSection
	GlobalSection(SolutionProperties) = preSolution
		HideSolutionNode = FALSE
	EndGlobalSection
	GlobalSection(ExtensibilityGlobals) = postSolution
		SolutionGuid = {9AC411EB-5BF8-4D4F-8A09-0B136F84DD6C}
	EndGlobalSection
EndGlobal
